// !$*UTF8*$!
{
	archiveVersion = 1;
	classes = {
	};
	objectVersion = 46;
	objects = {

/* Begin PBXBuildFile section */
		0A1479A316C2958F00D3B69D /* Default-568h@2x.png in Resources */ = {isa = PBXBuildFile; fileRef = 0A1479A216C2958F00D3B69D /* Default-568h@2x.png */; };
		0A46FE9E156FA72300D97F26 /* UIKit.framework in Frameworks */ = {isa = PBXBuildFile; fileRef = 0A46FE9D156FA72300D97F26 /* UIKit.framework */; };
		0A46FEA0156FA72300D97F26 /* Foundation.framework in Frameworks */ = {isa = PBXBuildFile; fileRef = 0A46FE9F156FA72300D97F26 /* Foundation.framework */; };
		0A46FEA2156FA72300D97F26 /* CoreGraphics.framework in Frameworks */ = {isa = PBXBuildFile; fileRef = 0A46FEA1156FA72300D97F26 /* CoreGraphics.framework */; };
		0A46FEA8156FA72300D97F26 /* InfoPlist.strings in Resources */ = {isa = PBXBuildFile; fileRef = 0A46FEA6156FA72300D97F26 /* InfoPlist.strings */; };
		0A46FEAA156FA72300D97F26 /* main.m in Sources */ = {isa = PBXBuildFile; fileRef = 0A46FEA9156FA72300D97F26 /* main.m */; };
		0A46FEAE156FA72300D97F26 /* AppDelegate.m in Sources */ = {isa = PBXBuildFile; fileRef = 0A46FEAD156FA72300D97F26 /* AppDelegate.m */; };
		0A46FEB1156FA72300D97F26 /* MainStoryboard.storyboard in Resources */ = {isa = PBXBuildFile; fileRef = 0A46FEAF156FA72300D97F26 /* MainStoryboard.storyboard */; };
		0A46FEB4156FA72300D97F26 /* ViewController.m in Sources */ = {isa = PBXBuildFile; fileRef = 0A46FEB3156FA72300D97F26 /* ViewController.m */; };
		0A46FEBC156FA72300D97F26 /* SenTestingKit.framework in Frameworks */ = {isa = PBXBuildFile; fileRef = 0A46FEBB156FA72300D97F26 /* SenTestingKit.framework */; };
		0A46FEBD156FA72300D97F26 /* UIKit.framework in Frameworks */ = {isa = PBXBuildFile; fileRef = 0A46FE9D156FA72300D97F26 /* UIKit.framework */; };
		0A46FEBE156FA72300D97F26 /* Foundation.framework in Frameworks */ = {isa = PBXBuildFile; fileRef = 0A46FE9F156FA72300D97F26 /* Foundation.framework */; };
		0A46FEC6156FA72300D97F26 /* InfoPlist.strings in Resources */ = {isa = PBXBuildFile; fileRef = 0A46FEC4156FA72300D97F26 /* InfoPlist.strings */; };
		0A46FEC9156FA72300D97F26 /* RavenClientTest.m in Sources */ = {isa = PBXBuildFile; fileRef = 0A46FEC8156FA72300D97F26 /* RavenClientTest.m */; };
		0A46FEDA156FA8D900D97F26 /* RavenClient.m in Sources */ = {isa = PBXBuildFile; fileRef = 0A46FED9156FA8D900D97F26 /* RavenClient.m */; };
		1DA6EDFE1A6E0A6C00F2510C /* Raven.h in Headers */ = {isa = PBXBuildFile; fileRef = 1DA6EDFD1A6E0A6C00F2510C /* Raven.h */; settings = {ATTRIBUTES = (Public, ); }; };
		1DA6EE121A6E0AD400F2510C /* RavenClient.m in Sources */ = {isa = PBXBuildFile; fileRef = 0A46FED9156FA8D900D97F26 /* RavenClient.m */; };
		1DA6EE131A6E0AD600F2510C /* RavenConfig.m in Sources */ = {isa = PBXBuildFile; fileRef = 8BAEC13D168E6FC100408CDB /* RavenConfig.m */; };
		1DA6EE141A6E0ADB00F2510C /* RavenConfig.h in Headers */ = {isa = PBXBuildFile; fileRef = 8BAEC13C168E6FC100408CDB /* RavenConfig.h */; settings = {ATTRIBUTES = (Public, ); }; };
		1DA6EE151A6E0ADE00F2510C /* RavenClient.h in Headers */ = {isa = PBXBuildFile; fileRef = 0A46FED8156FA8D900D97F26 /* RavenClient.h */; settings = {ATTRIBUTES = (Public, ); }; };
		1DA6EE161A6E0AE000F2510C /* RavenClient_Private.h in Headers */ = {isa = PBXBuildFile; fileRef = 8BAEC123168E6D0200408CDB /* RavenClient_Private.h */; settings = {ATTRIBUTES = (Private, ); }; };
		8BAEC13E168E6FC100408CDB /* RavenConfig.m in Sources */ = {isa = PBXBuildFile; fileRef = 8BAEC13D168E6FC100408CDB /* RavenConfig.m */; };
		8BAEC142168E725100408CDB /* RavenConfigTest.m in Sources */ = {isa = PBXBuildFile; fileRef = 8BAEC141168E725100408CDB /* RavenConfigTest.m */; };
		8BAEC154168E747900408CDB /* RavenClient.m in Sources */ = {isa = PBXBuildFile; fileRef = 0A46FED9156FA8D900D97F26 /* RavenClient.m */; };
		8BAEC156168E748700408CDB /* RavenConfig.m in Sources */ = {isa = PBXBuildFile; fileRef = 8BAEC13D168E6FC100408CDB /* RavenConfig.m */; };
/* End PBXBuildFile section */

/* Begin PBXFileReference section */
		0A1479A216C2958F00D3B69D /* Default-568h@2x.png */ = {isa = PBXFileReference; lastKnownFileType = image.png; path = "Default-568h@2x.png"; sourceTree = "<group>"; };
		0A33DE37156FA9D500AB3299 /* README.md */ = {isa = PBXFileReference; lastKnownFileType = text; path = README.md; sourceTree = "<group>"; };
		0A33DE39156FAA0B00AB3299 /* AUTHORS */ = {isa = PBXFileReference; lastKnownFileType = text; path = AUTHORS; sourceTree = "<group>"; };
		0A33DE3A156FAA0B00AB3299 /* LICENSE */ = {isa = PBXFileReference; lastKnownFileType = text; path = LICENSE; sourceTree = "<group>"; };
		0A46FE99156FA72300D97F26 /* RavenExample.app */ = {isa = PBXFileReference; explicitFileType = wrapper.application; includeInIndex = 0; path = RavenExample.app; sourceTree = BUILT_PRODUCTS_DIR; };
		0A46FE9D156FA72300D97F26 /* UIKit.framework */ = {isa = PBXFileReference; lastKnownFileType = wrapper.framework; name = UIKit.framework; path = System/Library/Frameworks/UIKit.framework; sourceTree = SDKROOT; };
		0A46FE9F156FA72300D97F26 /* Foundation.framework */ = {isa = PBXFileReference; lastKnownFileType = wrapper.framework; name = Foundation.framework; path = System/Library/Frameworks/Foundation.framework; sourceTree = SDKROOT; };
		0A46FEA1156FA72300D97F26 /* CoreGraphics.framework */ = {isa = PBXFileReference; lastKnownFileType = wrapper.framework; name = CoreGraphics.framework; path = System/Library/Frameworks/CoreGraphics.framework; sourceTree = SDKROOT; };
		0A46FEA5156FA72300D97F26 /* Raven-Info.plist */ = {isa = PBXFileReference; lastKnownFileType = text.plist.xml; path = "Raven-Info.plist"; sourceTree = "<group>"; };
		0A46FEA7156FA72300D97F26 /* en */ = {isa = PBXFileReference; lastKnownFileType = text.plist.strings; name = en; path = en.lproj/InfoPlist.strings; sourceTree = "<group>"; };
		0A46FEA9156FA72300D97F26 /* main.m */ = {isa = PBXFileReference; lastKnownFileType = sourcecode.c.objc; path = main.m; sourceTree = "<group>"; };
		0A46FEAB156FA72300D97F26 /* Raven-Prefix.pch */ = {isa = PBXFileReference; lastKnownFileType = sourcecode.c.h; path = "Raven-Prefix.pch"; sourceTree = "<group>"; };
		0A46FEAC156FA72300D97F26 /* AppDelegate.h */ = {isa = PBXFileReference; lastKnownFileType = sourcecode.c.h; path = AppDelegate.h; sourceTree = "<group>"; };
		0A46FEAD156FA72300D97F26 /* AppDelegate.m */ = {isa = PBXFileReference; lastKnownFileType = sourcecode.c.objc; path = AppDelegate.m; sourceTree = "<group>"; };
		0A46FEB0156FA72300D97F26 /* en */ = {isa = PBXFileReference; lastKnownFileType = file.storyboard; name = en; path = en.lproj/MainStoryboard.storyboard; sourceTree = "<group>"; };
		0A46FEB2156FA72300D97F26 /* ViewController.h */ = {isa = PBXFileReference; lastKnownFileType = sourcecode.c.h; path = ViewController.h; sourceTree = "<group>"; };
		0A46FEB3156FA72300D97F26 /* ViewController.m */ = {isa = PBXFileReference; lastKnownFileType = sourcecode.c.objc; path = ViewController.m; sourceTree = "<group>"; };
		0A46FEBA156FA72300D97F26 /* RavenTests.octest */ = {isa = PBXFileReference; explicitFileType = wrapper.cfbundle; includeInIndex = 0; path = RavenTests.octest; sourceTree = BUILT_PRODUCTS_DIR; };
		0A46FEBB156FA72300D97F26 /* SenTestingKit.framework */ = {isa = PBXFileReference; lastKnownFileType = wrapper.framework; name = SenTestingKit.framework; path = Library/Frameworks/SenTestingKit.framework; sourceTree = DEVELOPER_DIR; };
		0A46FEC3156FA72300D97F26 /* RavenTests-Info.plist */ = {isa = PBXFileReference; lastKnownFileType = text.plist.xml; path = "RavenTests-Info.plist"; sourceTree = "<group>"; };
		0A46FEC5156FA72300D97F26 /* en */ = {isa = PBXFileReference; lastKnownFileType = text.plist.strings; name = en; path = en.lproj/InfoPlist.strings; sourceTree = "<group>"; };
		0A46FEC7156FA72300D97F26 /* RavenClientTest.h */ = {isa = PBXFileReference; lastKnownFileType = sourcecode.c.h; path = RavenClientTest.h; sourceTree = "<group>"; };
		0A46FEC8156FA72300D97F26 /* RavenClientTest.m */ = {isa = PBXFileReference; lastKnownFileType = sourcecode.c.objc; path = RavenClientTest.m; sourceTree = "<group>"; };
		0A46FED8156FA8D900D97F26 /* RavenClient.h */ = {isa = PBXFileReference; fileEncoding = 4; lastKnownFileType = sourcecode.c.h; path = RavenClient.h; sourceTree = "<group>"; };
		0A46FED9156FA8D900D97F26 /* RavenClient.m */ = {isa = PBXFileReference; fileEncoding = 4; lastKnownFileType = sourcecode.c.objc; path = RavenClient.m; sourceTree = "<group>"; };
		1DA6EDF91A6E0A6C00F2510C /* Raven.framework */ = {isa = PBXFileReference; explicitFileType = wrapper.framework; includeInIndex = 0; path = Raven.framework; sourceTree = BUILT_PRODUCTS_DIR; };
		1DA6EDFC1A6E0A6C00F2510C /* Info.plist */ = {isa = PBXFileReference; lastKnownFileType = text.plist.xml; path = Info.plist; sourceTree = "<group>"; };
		1DA6EDFD1A6E0A6C00F2510C /* Raven.h */ = {isa = PBXFileReference; lastKnownFileType = sourcecode.c.h; path = Raven.h; sourceTree = "<group>"; };
		8BAEC123168E6D0200408CDB /* RavenClient_Private.h */ = {isa = PBXFileReference; fileEncoding = 4; lastKnownFileType = sourcecode.c.h; path = RavenClient_Private.h; sourceTree = "<group>"; };
		8BAEC13C168E6FC100408CDB /* RavenConfig.h */ = {isa = PBXFileReference; fileEncoding = 4; lastKnownFileType = sourcecode.c.h; path = RavenConfig.h; sourceTree = "<group>"; };
		8BAEC13D168E6FC100408CDB /* RavenConfig.m */ = {isa = PBXFileReference; fileEncoding = 4; lastKnownFileType = sourcecode.c.objc; path = RavenConfig.m; sourceTree = "<group>"; };
		8BAEC140168E725100408CDB /* RavenConfigTest.h */ = {isa = PBXFileReference; fileEncoding = 4; lastKnownFileType = sourcecode.c.h; path = RavenConfigTest.h; sourceTree = "<group>"; };
		8BAEC141168E725100408CDB /* RavenConfigTest.m */ = {isa = PBXFileReference; fileEncoding = 4; lastKnownFileType = sourcecode.c.objc; path = RavenConfigTest.m; sourceTree = "<group>"; };
/* End PBXFileReference section */

/* Begin PBXFrameworksBuildPhase section */
		0A46FE96156FA72300D97F26 /* Frameworks */ = {
			isa = PBXFrameworksBuildPhase;
			buildActionMask = 2147483647;
			files = (
				0A46FE9E156FA72300D97F26 /* UIKit.framework in Frameworks */,
				0A46FEA0156FA72300D97F26 /* Foundation.framework in Frameworks */,
				0A46FEA2156FA72300D97F26 /* CoreGraphics.framework in Frameworks */,
			);
			runOnlyForDeploymentPostprocessing = 0;
		};
		0A46FEB6156FA72300D97F26 /* Frameworks */ = {
			isa = PBXFrameworksBuildPhase;
			buildActionMask = 2147483647;
			files = (
				0A46FEBC156FA72300D97F26 /* SenTestingKit.framework in Frameworks */,
				0A46FEBD156FA72300D97F26 /* UIKit.framework in Frameworks */,
				0A46FEBE156FA72300D97F26 /* Foundation.framework in Frameworks */,
			);
			runOnlyForDeploymentPostprocessing = 0;
		};
		1DA6EDF51A6E0A6C00F2510C /* Frameworks */ = {
			isa = PBXFrameworksBuildPhase;
			buildActionMask = 2147483647;
			files = (
			);
			runOnlyForDeploymentPostprocessing = 0;
		};
/* End PBXFrameworksBuildPhase section */

/* Begin PBXGroup section */
		0A46FE8E156FA72300D97F26 = {
			isa = PBXGroup;
			children = (
				0A46FED2156FA74700D97F26 /* Raven */,
				0A46FEA3156FA72300D97F26 /* Example */,
				0A46FEC1156FA72300D97F26 /* RavenTests */,
				0A46FE9C156FA72300D97F26 /* Frameworks */,
				0A46FE9A156FA72300D97F26 /* Products */,
				0A33DE39156FAA0B00AB3299 /* AUTHORS */,
				0A33DE3A156FAA0B00AB3299 /* LICENSE */,
				0A33DE37156FA9D500AB3299 /* README.md */,
			);
			sourceTree = "<group>";
		};
		0A46FE9A156FA72300D97F26 /* Products */ = {
			isa = PBXGroup;
			children = (
				0A46FE99156FA72300D97F26 /* RavenExample.app */,
				0A46FEBA156FA72300D97F26 /* RavenTests.octest */,
				1DA6EDF91A6E0A6C00F2510C /* Raven.framework */,
			);
			name = Products;
			sourceTree = "<group>";
		};
		0A46FE9C156FA72300D97F26 /* Frameworks */ = {
			isa = PBXGroup;
			children = (
				0A46FE9D156FA72300D97F26 /* UIKit.framework */,
				0A46FE9F156FA72300D97F26 /* Foundation.framework */,
				0A46FEA1156FA72300D97F26 /* CoreGraphics.framework */,
				0A46FEBB156FA72300D97F26 /* SenTestingKit.framework */,
			);
			name = Frameworks;
			sourceTree = "<group>";
		};
		0A46FEA3156FA72300D97F26 /* Example */ = {
			isa = PBXGroup;
			children = (
				0A46FEAC156FA72300D97F26 /* AppDelegate.h */,
				0A46FEAD156FA72300D97F26 /* AppDelegate.m */,
				0A46FEAF156FA72300D97F26 /* MainStoryboard.storyboard */,
				0A46FEB2156FA72300D97F26 /* ViewController.h */,
				0A46FEB3156FA72300D97F26 /* ViewController.m */,
				0A46FEA4156FA72300D97F26 /* Supporting Files */,
			);
			path = Example;
			sourceTree = "<group>";
		};
		0A46FEA4156FA72300D97F26 /* Supporting Files */ = {
			isa = PBXGroup;
			children = (
				0A1479A216C2958F00D3B69D /* Default-568h@2x.png */,
				0A46FEA5156FA72300D97F26 /* Raven-Info.plist */,
				0A46FEA6156FA72300D97F26 /* InfoPlist.strings */,
				0A46FEA9156FA72300D97F26 /* main.m */,
				0A46FEAB156FA72300D97F26 /* Raven-Prefix.pch */,
			);
			name = "Supporting Files";
			sourceTree = "<group>";
		};
		0A46FEC1156FA72300D97F26 /* RavenTests */ = {
			isa = PBXGroup;
			children = (
				0A46FEC7156FA72300D97F26 /* RavenClientTest.h */,
				0A46FEC8156FA72300D97F26 /* RavenClientTest.m */,
				0A46FEC2156FA72300D97F26 /* Supporting Files */,
				8BAEC140168E725100408CDB /* RavenConfigTest.h */,
				8BAEC141168E725100408CDB /* RavenConfigTest.m */,
			);
			path = RavenTests;
			sourceTree = "<group>";
		};
		0A46FEC2156FA72300D97F26 /* Supporting Files */ = {
			isa = PBXGroup;
			children = (
				0A46FEC3156FA72300D97F26 /* RavenTests-Info.plist */,
				0A46FEC4156FA72300D97F26 /* InfoPlist.strings */,
			);
			name = "Supporting Files";
			sourceTree = "<group>";
		};
		0A46FED2156FA74700D97F26 /* Raven */ = {
			isa = PBXGroup;
			children = (
				1DA6EDFD1A6E0A6C00F2510C /* Raven.h */,
				0A46FED8156FA8D900D97F26 /* RavenClient.h */,
				0A46FED9156FA8D900D97F26 /* RavenClient.m */,
				8BAEC123168E6D0200408CDB /* RavenClient_Private.h */,
				8BAEC13C168E6FC100408CDB /* RavenConfig.h */,
				8BAEC13D168E6FC100408CDB /* RavenConfig.m */,
				1DA6EDFB1A6E0A6C00F2510C /* Supporting Files */,
			);
			path = Raven;
			sourceTree = "<group>";
		};
		1DA6EDFB1A6E0A6C00F2510C /* Supporting Files */ = {
			isa = PBXGroup;
			children = (
				1DA6EDFC1A6E0A6C00F2510C /* Info.plist */,
			);
			name = "Supporting Files";
			sourceTree = "<group>";
		};
/* End PBXGroup section */

/* Begin PBXHeadersBuildPhase section */
		1DA6EDF61A6E0A6C00F2510C /* Headers */ = {
			isa = PBXHeadersBuildPhase;
			buildActionMask = 2147483647;
			files = (
				1DA6EDFE1A6E0A6C00F2510C /* Raven.h in Headers */,
				1DA6EE141A6E0ADB00F2510C /* RavenConfig.h in Headers */,
				1DA6EE151A6E0ADE00F2510C /* RavenClient.h in Headers */,
				1DA6EE161A6E0AE000F2510C /* RavenClient_Private.h in Headers */,
			);
			runOnlyForDeploymentPostprocessing = 0;
		};
/* End PBXHeadersBuildPhase section */

/* Begin PBXNativeTarget section */
		0A46FE98156FA72300D97F26 /* RavenExample */ = {
			isa = PBXNativeTarget;
			buildConfigurationList = 0A46FECC156FA72300D97F26 /* Build configuration list for PBXNativeTarget "RavenExample" */;
			buildPhases = (
				0A46FE95156FA72300D97F26 /* Sources */,
				0A46FE96156FA72300D97F26 /* Frameworks */,
				0A46FE97156FA72300D97F26 /* Resources */,
			);
			buildRules = (
			);
			dependencies = (
			);
			name = RavenExample;
			productName = Raven;
			productReference = 0A46FE99156FA72300D97F26 /* RavenExample.app */;
			productType = "com.apple.product-type.application";
		};
		0A46FEB9156FA72300D97F26 /* RavenTests */ = {
			isa = PBXNativeTarget;
			buildConfigurationList = 0A46FECF156FA72300D97F26 /* Build configuration list for PBXNativeTarget "RavenTests" */;
			buildPhases = (
				0A46FEB5156FA72300D97F26 /* Sources */,
				0A46FEB6156FA72300D97F26 /* Frameworks */,
				0A46FEB7156FA72300D97F26 /* Resources */,
				0A46FEB8156FA72300D97F26 /* ShellScript */,
			);
			buildRules = (
			);
			dependencies = (
			);
			name = RavenTests;
			productName = RavenTests;
			productReference = 0A46FEBA156FA72300D97F26 /* RavenTests.octest */;
			productType = "com.apple.product-type.bundle.ocunit-test";
		};
		1DA6EDF81A6E0A6C00F2510C /* Raven (iOS) */ = {
			isa = PBXNativeTarget;
			buildConfigurationList = 1DA6EE101A6E0A6C00F2510C /* Build configuration list for PBXNativeTarget "Raven (iOS)" */;
			buildPhases = (
				1DA6EDF41A6E0A6C00F2510C /* Sources */,
				1DA6EDF51A6E0A6C00F2510C /* Frameworks */,
				1DA6EDF61A6E0A6C00F2510C /* Headers */,
				1DA6EDF71A6E0A6C00F2510C /* Resources */,
			);
			buildRules = (
			);
			dependencies = (
			);
			name = "Raven (iOS)";
			productName = Raven;
			productReference = 1DA6EDF91A6E0A6C00F2510C /* Raven.framework */;
			productType = "com.apple.product-type.framework";
		};
/* End PBXNativeTarget section */

/* Begin PBXProject section */
		0A46FE90156FA72300D97F26 /* Project object */ = {
			isa = PBXProject;
			attributes = {
				LastTestingUpgradeCheck = 0620;
				LastUpgradeCheck = 0620;
				ORGANIZATIONNAME = Gangverk;
				TargetAttributes = {
					1DA6EDF81A6E0A6C00F2510C = {
						CreatedOnToolsVersion = 6.2;
					};
				};
			};
			buildConfigurationList = 0A46FE93156FA72300D97F26 /* Build configuration list for PBXProject "Raven" */;
			compatibilityVersion = "Xcode 3.2";
			developmentRegion = English;
			hasScannedForEncodings = 0;
			knownRegions = (
				en,
			);
			mainGroup = 0A46FE8E156FA72300D97F26;
			productRefGroup = 0A46FE9A156FA72300D97F26 /* Products */;
			projectDirPath = "";
			projectRoot = "";
			targets = (
				1DA6EDF81A6E0A6C00F2510C /* Raven (iOS) */,
				0A46FE98156FA72300D97F26 /* RavenExample */,
				0A46FEB9156FA72300D97F26 /* RavenTests */,
			);
		};
/* End PBXProject section */

/* Begin PBXResourcesBuildPhase section */
		0A46FE97156FA72300D97F26 /* Resources */ = {
			isa = PBXResourcesBuildPhase;
			buildActionMask = 2147483647;
			files = (
				0A46FEA8156FA72300D97F26 /* InfoPlist.strings in Resources */,
				0A46FEB1156FA72300D97F26 /* MainStoryboard.storyboard in Resources */,
				0A1479A316C2958F00D3B69D /* Default-568h@2x.png in Resources */,
			);
			runOnlyForDeploymentPostprocessing = 0;
		};
		0A46FEB7156FA72300D97F26 /* Resources */ = {
			isa = PBXResourcesBuildPhase;
			buildActionMask = 2147483647;
			files = (
				0A46FEC6156FA72300D97F26 /* InfoPlist.strings in Resources */,
			);
			runOnlyForDeploymentPostprocessing = 0;
		};
		1DA6EDF71A6E0A6C00F2510C /* Resources */ = {
			isa = PBXResourcesBuildPhase;
			buildActionMask = 2147483647;
			files = (
			);
			runOnlyForDeploymentPostprocessing = 0;
		};
/* End PBXResourcesBuildPhase section */

/* Begin PBXShellScriptBuildPhase section */
		0A46FEB8156FA72300D97F26 /* ShellScript */ = {
			isa = PBXShellScriptBuildPhase;
			buildActionMask = 2147483647;
			files = (
			);
			inputPaths = (
			);
			outputPaths = (
			);
			runOnlyForDeploymentPostprocessing = 0;
			shellPath = /bin/sh;
			shellScript = "# Run the unit tests in this test bundle.\n\"${SYSTEM_DEVELOPER_DIR}/Tools/RunUnitTests\"\n";
		};
/* End PBXShellScriptBuildPhase section */

/* Begin PBXSourcesBuildPhase section */
		0A46FE95156FA72300D97F26 /* Sources */ = {
			isa = PBXSourcesBuildPhase;
			buildActionMask = 2147483647;
			files = (
				0A46FEAA156FA72300D97F26 /* main.m in Sources */,
				0A46FEAE156FA72300D97F26 /* AppDelegate.m in Sources */,
				0A46FEB4156FA72300D97F26 /* ViewController.m in Sources */,
				0A46FEDA156FA8D900D97F26 /* RavenClient.m in Sources */,
				8BAEC13E168E6FC100408CDB /* RavenConfig.m in Sources */,
			);
			runOnlyForDeploymentPostprocessing = 0;
		};
		0A46FEB5156FA72300D97F26 /* Sources */ = {
			isa = PBXSourcesBuildPhase;
			buildActionMask = 2147483647;
			files = (
				8BAEC154168E747900408CDB /* RavenClient.m in Sources */,
				8BAEC156168E748700408CDB /* RavenConfig.m in Sources */,
				0A46FEC9156FA72300D97F26 /* RavenClientTest.m in Sources */,
				8BAEC142168E725100408CDB /* RavenConfigTest.m in Sources */,
			);
			runOnlyForDeploymentPostprocessing = 0;
		};
		1DA6EDF41A6E0A6C00F2510C /* Sources */ = {
			isa = PBXSourcesBuildPhase;
			buildActionMask = 2147483647;
			files = (
				1DA6EE121A6E0AD400F2510C /* RavenClient.m in Sources */,
				1DA6EE131A6E0AD600F2510C /* RavenConfig.m in Sources */,
			);
			runOnlyForDeploymentPostprocessing = 0;
		};
/* End PBXSourcesBuildPhase section */

/* Begin PBXVariantGroup section */
		0A46FEA6156FA72300D97F26 /* InfoPlist.strings */ = {
			isa = PBXVariantGroup;
			children = (
				0A46FEA7156FA72300D97F26 /* en */,
			);
			name = InfoPlist.strings;
			sourceTree = "<group>";
		};
		0A46FEAF156FA72300D97F26 /* MainStoryboard.storyboard */ = {
			isa = PBXVariantGroup;
			children = (
				0A46FEB0156FA72300D97F26 /* en */,
			);
			name = MainStoryboard.storyboard;
			sourceTree = "<group>";
		};
		0A46FEC4156FA72300D97F26 /* InfoPlist.strings */ = {
			isa = PBXVariantGroup;
			children = (
				0A46FEC5156FA72300D97F26 /* en */,
			);
			name = InfoPlist.strings;
			sourceTree = "<group>";
		};
/* End PBXVariantGroup section */

/* Begin XCBuildConfiguration section */
		0A46FECA156FA72300D97F26 /* Debug */ = {
			isa = XCBuildConfiguration;
			buildSettings = {
				ALWAYS_SEARCH_USER_PATHS = NO;
				CLANG_ENABLE_OBJC_ARC = YES;
				CLANG_WARN_BOOL_CONVERSION = YES;
				CLANG_WARN_CONSTANT_CONVERSION = YES;
				CLANG_WARN_EMPTY_BODY = YES;
				CLANG_WARN_ENUM_CONVERSION = YES;
				CLANG_WARN_INT_CONVERSION = YES;
				CLANG_WARN_UNREACHABLE_CODE = YES;
				CLANG_WARN__DUPLICATE_METHOD_MATCH = YES;
				"CODE_SIGN_IDENTITY[sdk=iphoneos*]" = "iPhone Developer";
				COPY_PHASE_STRIP = NO;
				ENABLE_STRICT_OBJC_MSGSEND = YES;
				GCC_C_LANGUAGE_STANDARD = gnu99;
				GCC_DYNAMIC_NO_PIC = NO;
				GCC_OPTIMIZATION_LEVEL = 0;
				GCC_PREPROCESSOR_DEFINITIONS = (
					"DEBUG=1",
					"$(inherited)",
				);
				GCC_SYMBOLS_PRIVATE_EXTERN = NO;
				GCC_VERSION = com.apple.compilers.llvm.clang.1_0;
				GCC_WARN_64_TO_32_BIT_CONVERSION = YES;
				GCC_WARN_ABOUT_RETURN_TYPE = YES;
				GCC_WARN_UNDECLARED_SELECTOR = YES;
				GCC_WARN_UNINITIALIZED_AUTOS = YES;
				GCC_WARN_UNUSED_FUNCTION = YES;
				GCC_WARN_UNUSED_VARIABLE = YES;
				IPHONEOS_DEPLOYMENT_TARGET = 5.1;
				ONLY_ACTIVE_ARCH = YES;
				SDKROOT = iphoneos;
				TARGETED_DEVICE_FAMILY = "1,2";
			};
			name = Debug;
		};
		0A46FECB156FA72300D97F26 /* Release */ = {
			isa = XCBuildConfiguration;
			buildSettings = {
				ALWAYS_SEARCH_USER_PATHS = NO;
				CLANG_ENABLE_OBJC_ARC = YES;
				CLANG_WARN_BOOL_CONVERSION = YES;
				CLANG_WARN_CONSTANT_CONVERSION = YES;
				CLANG_WARN_EMPTY_BODY = YES;
				CLANG_WARN_ENUM_CONVERSION = YES;
				CLANG_WARN_INT_CONVERSION = YES;
				CLANG_WARN_UNREACHABLE_CODE = YES;
				CLANG_WARN__DUPLICATE_METHOD_MATCH = YES;
				"CODE_SIGN_IDENTITY[sdk=iphoneos*]" = "iPhone Developer";
				COPY_PHASE_STRIP = YES;
				ENABLE_STRICT_OBJC_MSGSEND = YES;
				GCC_C_LANGUAGE_STANDARD = gnu99;
				GCC_VERSION = com.apple.compilers.llvm.clang.1_0;
				GCC_WARN_64_TO_32_BIT_CONVERSION = YES;
				GCC_WARN_ABOUT_RETURN_TYPE = YES;
				GCC_WARN_UNDECLARED_SELECTOR = YES;
				GCC_WARN_UNINITIALIZED_AUTOS = YES;
				GCC_WARN_UNUSED_FUNCTION = YES;
				GCC_WARN_UNUSED_VARIABLE = YES;
				IPHONEOS_DEPLOYMENT_TARGET = 5.1;
				OTHER_CFLAGS = "-DNS_BLOCK_ASSERTIONS=1";
				SDKROOT = iphoneos;
				TARGETED_DEVICE_FAMILY = "1,2";
				VALIDATE_PRODUCT = YES;
			};
			name = Release;
		};
		0A46FECD156FA72300D97F26 /* Debug */ = {
			isa = XCBuildConfiguration;
			buildSettings = {
				CLANG_ENABLE_OBJC_ARC = YES;
				GCC_PRECOMPILE_PREFIX_HEADER = YES;
				GCC_PREFIX_HEADER = "Example/Raven-Prefix.pch";
				GCC_VERSION = "";
				INFOPLIST_FILE = "Example/Raven-Info.plist";
				ONLY_ACTIVE_ARCH = YES;
				PRODUCT_NAME = "$(TARGET_NAME)";
				WRAPPER_EXTENSION = app;
			};
			name = Debug;
		};
		0A46FECE156FA72300D97F26 /* Release */ = {
			isa = XCBuildConfiguration;
			buildSettings = {
				CLANG_ENABLE_OBJC_ARC = YES;
				GCC_PRECOMPILE_PREFIX_HEADER = YES;
				GCC_PREFIX_HEADER = "Example/Raven-Prefix.pch";
				GCC_VERSION = "";
				INFOPLIST_FILE = "Example/Raven-Info.plist";
				PRODUCT_NAME = "$(TARGET_NAME)";
				WRAPPER_EXTENSION = app;
			};
			name = Release;
		};
		0A46FED0156FA72300D97F26 /* Debug */ = {
			isa = XCBuildConfiguration;
			buildSettings = {
				BUNDLE_LOADER = "";
				FRAMEWORK_SEARCH_PATHS = (
					"$(SDKROOT)/Developer/Library/Frameworks",
					"$(DEVELOPER_LIBRARY_DIR)/Frameworks",
				);
				GCC_PRECOMPILE_PREFIX_HEADER = YES;
				GCC_PREFIX_HEADER = "Example/Raven-Prefix.pch";
				GCC_VERSION = "";
				INFOPLIST_FILE = "RavenTests/RavenTests-Info.plist";
				ONLY_ACTIVE_ARCH = YES;
				PRODUCT_NAME = "$(TARGET_NAME)";
				TARGETED_DEVICE_FAMILY = "1,2";
				TEST_HOST = "$(BUNDLE_LOADER)";
				WRAPPER_EXTENSION = octest;
			};
			name = Debug;
		};
		0A46FED1156FA72300D97F26 /* Release */ = {
			isa = XCBuildConfiguration;
			buildSettings = {
				BUNDLE_LOADER = "";
				FRAMEWORK_SEARCH_PATHS = (
					"$(SDKROOT)/Developer/Library/Frameworks",
					"$(DEVELOPER_LIBRARY_DIR)/Frameworks",
				);
				GCC_PRECOMPILE_PREFIX_HEADER = YES;
				GCC_PREFIX_HEADER = "Example/Raven-Prefix.pch";
				GCC_VERSION = "";
				INFOPLIST_FILE = "RavenTests/RavenTests-Info.plist";
				PRODUCT_NAME = "$(TARGET_NAME)";
				TARGETED_DEVICE_FAMILY = "1,2";
				TEST_HOST = "$(BUNDLE_LOADER)";
				WRAPPER_EXTENSION = octest;
			};
			name = Release;
		};
		1DA6EE0C1A6E0A6C00F2510C /* Debug */ = {
			isa = XCBuildConfiguration;
			buildSettings = {
				CLANG_CXX_LANGUAGE_STANDARD = "gnu++0x";
				CLANG_CXX_LIBRARY = "libc++";
				CLANG_ENABLE_MODULES = YES;
				CLANG_WARN_BOOL_CONVERSION = YES;
				CLANG_WARN_DIRECT_OBJC_ISA_USAGE = YES_ERROR;
				CLANG_WARN_EMPTY_BODY = YES;
				CLANG_WARN_OBJC_ROOT_CLASS = YES_ERROR;
				CLANG_WARN_UNREACHABLE_CODE = YES;
				CURRENT_PROJECT_VERSION = 1;
				DEFINES_MODULE = YES;
				DYLIB_COMPATIBILITY_VERSION = 1;
				DYLIB_CURRENT_VERSION = 1;
				DYLIB_INSTALL_NAME_BASE = "@rpath";
				ENABLE_STRICT_OBJC_MSGSEND = YES;
				GCC_PREPROCESSOR_DEFINITIONS = (
					"DEBUG=1",
					"$(inherited)",
				);
				GCC_WARN_64_TO_32_BIT_CONVERSION = YES;
				GCC_WARN_ABOUT_RETURN_TYPE = YES_ERROR;
				GCC_WARN_UNDECLARED_SELECTOR = YES;
				GCC_WARN_UNINITIALIZED_AUTOS = YES_AGGRESSIVE;
				GCC_WARN_UNUSED_FUNCTION = YES;
				INFOPLIST_FILE = Raven/Info.plist;
				INSTALL_PATH = "$(LOCAL_LIBRARY_DIR)/Frameworks";
				IPHONEOS_DEPLOYMENT_TARGET = 8.0;
				LD_RUNPATH_SEARCH_PATHS = "$(inherited) @executable_path/Frameworks @loader_path/Frameworks";
				MTL_ENABLE_DEBUG_INFO = YES;
				ONLY_ACTIVE_ARCH = YES;
				PRODUCT_NAME = Raven;
				SKIP_INSTALL = YES;
				VERSIONING_SYSTEM = "apple-generic";
				VERSION_INFO_PREFIX = "";
			};
			name = Debug;
		};
		1DA6EE0D1A6E0A6C00F2510C /* Release */ = {
			isa = XCBuildConfiguration;
			buildSettings = {
				CLANG_CXX_LANGUAGE_STANDARD = "gnu++0x";
				CLANG_CXX_LIBRARY = "libc++";
				CLANG_ENABLE_MODULES = YES;
				CLANG_WARN_BOOL_CONVERSION = YES;
				CLANG_WARN_DIRECT_OBJC_ISA_USAGE = YES_ERROR;
				CLANG_WARN_EMPTY_BODY = YES;
				CLANG_WARN_OBJC_ROOT_CLASS = YES_ERROR;
				CLANG_WARN_UNREACHABLE_CODE = YES;
				COPY_PHASE_STRIP = NO;
				CURRENT_PROJECT_VERSION = 1;
				DEFINES_MODULE = YES;
				DYLIB_COMPATIBILITY_VERSION = 1;
				DYLIB_CURRENT_VERSION = 1;
				DYLIB_INSTALL_NAME_BASE = "@rpath";
				ENABLE_NS_ASSERTIONS = NO;
				ENABLE_STRICT_OBJC_MSGSEND = YES;
				GCC_WARN_64_TO_32_BIT_CONVERSION = YES;
				GCC_WARN_ABOUT_RETURN_TYPE = YES_ERROR;
				GCC_WARN_UNDECLARED_SELECTOR = YES;
				GCC_WARN_UNINITIALIZED_AUTOS = YES_AGGRESSIVE;
				GCC_WARN_UNUSED_FUNCTION = YES;
				INFOPLIST_FILE = Raven/Info.plist;
				INSTALL_PATH = "$(LOCAL_LIBRARY_DIR)/Frameworks";
				IPHONEOS_DEPLOYMENT_TARGET = 8.0;
				LD_RUNPATH_SEARCH_PATHS = "$(inherited) @executable_path/Frameworks @loader_path/Frameworks";
				MTL_ENABLE_DEBUG_INFO = NO;
				PRODUCT_NAME = Raven;
				SKIP_INSTALL = YES;
				VERSIONING_SYSTEM = "apple-generic";
				VERSION_INFO_PREFIX = "";
			};
			name = Release;
		};
/* End XCBuildConfiguration section */

/* Begin XCConfigurationList section */
		0A46FE93156FA72300D97F26 /* Build configuration list for PBXProject "Raven" */ = {
			isa = XCConfigurationList;
			buildConfigurations = (
				0A46FECA156FA72300D97F26 /* Debug */,
				0A46FECB156FA72300D97F26 /* Release */,
			);
			defaultConfigurationIsVisible = 0;
			defaultConfigurationName = Release;
		};
		0A46FECC156FA72300D97F26 /* Build configuration list for PBXNativeTarget "RavenExample" */ = {
			isa = XCConfigurationList;
			buildConfigurations = (
				0A46FECD156FA72300D97F26 /* Debug */,
				0A46FECE156FA72300D97F26 /* Release */,
			);
			defaultConfigurationIsVisible = 0;
			defaultConfigurationName = Release;
		};
		0A46FECF156FA72300D97F26 /* Build configuration list for PBXNativeTarget "RavenTests" */ = {
			isa = XCConfigurationList;
			buildConfigurations = (
				0A46FED0156FA72300D97F26 /* Debug */,
				0A46FED1156FA72300D97F26 /* Release */,
			);
			defaultConfigurationIsVisible = 0;
			defaultConfigurationName = Release;
		};
		1DA6EE101A6E0A6C00F2510C /* Build configuration list for PBXNativeTarget "Raven (iOS)" */ = {
			isa = XCConfigurationList;
			buildConfigurations = (
				1DA6EE0C1A6E0A6C00F2510C /* Debug */,
				1DA6EE0D1A6E0A6C00F2510C /* Release */,
			);
			defaultConfigurationIsVisible = 0;
			defaultConfigurationName = Release;
		};
/* End XCConfigurationList section */
	};
	rootObject = 0A46FE90156FA72300D97F26 /* Project object */;
}
